
Microsoft Visual Studio Solution File, Format Version 12.00
# Visual Studio Version 16
VisualStudioVersion = 16.0.29806.167
MinimumVisualStudioVersion = 10.0.40219.1
Project("{8BC9CEB8-8B4A-11D0-8D11-00A0C91BC942}") = "05-905-oop-project", "05-905-oop-project\05-905-oop-project.vcxproj", "{D62A8539-FB2C-4C27-96BF-318C22B69C12}"
EndProject
Project("{8BC9CEB8-8B4A-11D0-8D11-00A0C91BC942}") = "lesson_02", "lesson_02\lesson_02.vcxproj", "{75408CCA-B5B9-4461-A784-19821C8C3030}"
EndProject
Project("{8BC9CEB8-8B4A-11D0-8D11-00A0C91BC942}") = "lesson_03", "lesson_03\lesson_03.vcxproj", "{077CA406-CC1D-4257-B716-2F31A5C40B89}"
EndProject
Global
	GlobalSection(SolutionConfigurationPlatforms) = preSolution
		Debug|x64 = Debug|x64
		Debug|x86 = Debug|x86
		Release|x64 = Release|x64
		Release|x86 = Release|x86
	EndGlobalSection
	GlobalSection(ProjectConfigurationPlatforms) = postSolution
		{D62A8539-FB2C-4C27-96BF-318C22B69C12}.Debug|x64.ActiveCfg = Debug|x64
		{D62A8539-FB2C-4C27-96BF-318C22B69C12}.Debug|x64.Build.0 = Debug|x64
		{D62A8539-FB2C-4C27-96BF-318C22B69C12}.Debug|x86.ActiveCfg = Debug|Win32
		{D62A8539-FB2C-4C27-96BF-318C22B69C12}.Debug|x86.Build.0 = Debug|Win32
		{D62A8539-FB2C-4C27-96BF-318C22B69C12}.Release|x64.ActiveCfg = Release|x64
		{D62A8539-FB2C-4C27-96BF-318C22B69C12}.Release|x64.Build.0 = Release|x64
		{D62A8539-FB2C-4C27-96BF-318C22B69C12}.Release|x86.ActiveCfg = Release|Win32
		{D62A8539-FB2C-4C27-96BF-318C22B69C12}.Release|x86.Build.0 = Release|Win32
		{75408CCA-B5B9-4461-A784-19821C8C3030}.Debug|x64.ActiveCfg = Debug|x64
		{75408CCA-B5B9-4461-A784-19821C8C3030}.Debug|x64.Build.0 = Debug|x64
		{75408CCA-B5B9-4461-A784-19821C8C3030}.Debug|x86.ActiveCfg = Debug|Win32
		{75408CCA-B5B9-4461-A784-19821C8C3030}.Debug|x86.Build.0 = Debug|Win32
		{75408CCA-B5B9-4461-A784-19821C8C3030}.Release|x64.ActiveCfg = Release|x64
		{75408CCA-B5B9-4461-A784-19821C8C3030}.Release|x64.Build.0 = Release|x64
		{75408CCA-B5B9-4461-A784-19821C8C3030}.Release|x86.ActiveCfg = Release|Win32
		{75408CCA-B5B9-4461-A784-19821C8C3030}.Release|x86.Build.0 = Release|Win32
		{077CA406-CC1D-4257-B716-2F31A5C40B89}.Debug|x64.ActiveCfg = Debug|x64
		{077CA406-CC1D-4257-B716-2F31A5C40B89}.Debug|x64.Build.0 = Debug|x64
		{077CA406-CC1D-4257-B716-2F31A5C40B89}.Debug|x86.ActiveCfg = Debug|Win32
		{077CA406-CC1D-4257-B716-2F31A5C40B89}.Debug|x86.Build.0 = Debug|Win32
		{077CA406-CC1D-4257-B716-2F31A5C40B89}.Release|x64.ActiveCfg = Release|x64
		{077CA406-CC1D-4257-B716-2F31A5C40B89}.Release|x64.Build.0 = Release|x64
		{077CA406-CC1D-4257-B716-2F31A5C40B89}.Release|x86.ActiveCfg = Release|Win32
		{077CA406-CC1D-4257-B716-2F31A5C40B89}.Release|x86.Build.0 = Release|Win32
	EndGlobalSection
	GlobalSection(SolutionProperties) = preSolution
		HideSolutionNode = FALSE
	EndGlobalSection
	GlobalSection(ExtensibilityGlobals) = postSolution
		SolutionGuid = {74FD2AAA-A6FD-4126-B5EA-AB52A0E1BEE1}
	EndGlobalSection
EndGlobal
